// !$*UTF8*$!
{
	archiveVersion = 1;
	classes = {
	};
	objectVersion = 56;
	objects = {

/* Begin PBXBuildFile section */
		DC42AD93291A48CB00139A14 /* Storage.swift in Sources */ = {isa = PBXBuildFile; fileRef = DC42AD92291A48CB00139A14 /* Storage.swift */; };
		DC69DF032918297D0015BC51 /* AppDelegate.swift in Sources */ = {isa = PBXBuildFile; fileRef = DC69DF022918297D0015BC51 /* AppDelegate.swift */; };
		DC69DF052918297D0015BC51 /* SceneDelegate.swift in Sources */ = {isa = PBXBuildFile; fileRef = DC69DF042918297D0015BC51 /* SceneDelegate.swift */; };
		DC69DF0C2918297E0015BC51 /* Assets.xcassets in Resources */ = {isa = PBXBuildFile; fileRef = DC69DF0B2918297E0015BC51 /* Assets.xcassets */; };
		DC69DF0F2918297E0015BC51 /* LaunchScreen.storyboard in Resources */ = {isa = PBXBuildFile; fileRef = DC69DF0D2918297E0015BC51 /* LaunchScreen.storyboard */; };
		DC69DF2729182B6E0015BC51 /* ProfilePresenter.swift in Sources */ = {isa = PBXBuildFile; fileRef = DC69DF1C29182B6E0015BC51 /* ProfilePresenter.swift */; };
		DC69DF2829182B6E0015BC51 /* ProfileRouter.swift in Sources */ = {isa = PBXBuildFile; fileRef = DC69DF1D29182B6E0015BC51 /* ProfileRouter.swift */; };
		DC69DF2929182B6E0015BC51 /* ProfileViewController.swift in Sources */ = {isa = PBXBuildFile; fileRef = DC69DF1E29182B6E0015BC51 /* ProfileViewController.swift */; };
		DC69DF2A29182B6E0015BC51 /* ProfileInteractor.swift in Sources */ = {isa = PBXBuildFile; fileRef = DC69DF1F29182B6E0015BC51 /* ProfileInteractor.swift */; };
		DC69DF2B29182B6E0015BC51 /* ProfileContract.swift in Sources */ = {isa = PBXBuildFile; fileRef = DC69DF2029182B6E0015BC51 /* ProfileContract.swift */; };
		DC69DF2C29182B6E0015BC51 /* EditProfileViewController.swift in Sources */ = {isa = PBXBuildFile; fileRef = DC69DF2229182B6E0015BC51 /* EditProfileViewController.swift */; };
		DC69DF2D29182B6E0015BC51 /* EditProfilePresenter.swift in Sources */ = {isa = PBXBuildFile; fileRef = DC69DF2329182B6E0015BC51 /* EditProfilePresenter.swift */; };
		DC69DF2E29182B6E0015BC51 /* EditProfileInteractor.swift in Sources */ = {isa = PBXBuildFile; fileRef = DC69DF2429182B6E0015BC51 /* EditProfileInteractor.swift */; };
		DC69DF2F29182B6E0015BC51 /* EditProfileContract.swift in Sources */ = {isa = PBXBuildFile; fileRef = DC69DF2529182B6E0015BC51 /* EditProfileContract.swift */; };
		DC69DF3029182B6E0015BC51 /* EditProfileRouter.swift in Sources */ = {isa = PBXBuildFile; fileRef = DC69DF2629182B6E0015BC51 /* EditProfileRouter.swift */; };
		DC69DF40291830A00015BC51 /* ViewControllerExtension.swift in Sources */ = {isa = PBXBuildFile; fileRef = DC69DF36291830A00015BC51 /* ViewControllerExtension.swift */; };
		DC69DF41291830A00015BC51 /* ViewControllerExtensions.swift in Sources */ = {isa = PBXBuildFile; fileRef = DC69DF37291830A00015BC51 /* ViewControllerExtensions.swift */; };
		DC69DF42291830A00015BC51 /* LabelExtensions.swift in Sources */ = {isa = PBXBuildFile; fileRef = DC69DF38291830A00015BC51 /* LabelExtensions.swift */; };
		DC69DF43291830A00015BC51 /* ColorExtensions.swift in Sources */ = {isa = PBXBuildFile; fileRef = DC69DF39291830A00015BC51 /* ColorExtensions.swift */; };
		DC69DF44291830A00015BC51 /* TextFieldExtensions.swift in Sources */ = {isa = PBXBuildFile; fileRef = DC69DF3A291830A00015BC51 /* TextFieldExtensions.swift */; };
		DC69DF45291830A00015BC51 /* InfoLabel.swift in Sources */ = {isa = PBXBuildFile; fileRef = DC69DF3B291830A00015BC51 /* InfoLabel.swift */; };
		DC6D84DE29194A81002C36A0 /* User.swift in Sources */ = {isa = PBXBuildFile; fileRef = DC6D84DD29194A81002C36A0 /* User.swift */; };
		DCB5930A293CA1010024FA9E /* Task_12_13__VIPER__PatternsTests.swift in Sources */ = {isa = PBXBuildFile; fileRef = DCB59309293CA1010024FA9E /* Task_12_13__VIPER__PatternsTests.swift */; };
		DCB59312293CA1690024FA9E /* ProfileLogicTests.swift in Sources */ = {isa = PBXBuildFile; fileRef = DCB59311293CA1690024FA9E /* ProfileLogicTests.swift */; };
/* End PBXBuildFile section */

/* Begin PBXContainerItemProxy section */
		DCB5930B293CA1010024FA9E /* PBXContainerItemProxy */ = {
			isa = PBXContainerItemProxy;
			containerPortal = DC69DEF72918297D0015BC51 /* Project object */;
			proxyType = 1;
			remoteGlobalIDString = DC69DEFE2918297D0015BC51;
			remoteInfo = "Task 12,13. VIPER, Patterns";
		};
/* End PBXContainerItemProxy section */

/* Begin PBXFileReference section */
		DC42AD92291A48CB00139A14 /* Storage.swift */ = {isa = PBXFileReference; lastKnownFileType = sourcecode.swift; path = Storage.swift; sourceTree = "<group>"; };
		DC69DEFF2918297D0015BC51 /* Task 12,13. VIPER, Patterns.app */ = {isa = PBXFileReference; explicitFileType = wrapper.application; includeInIndex = 0; path = "Task 12,13. VIPER, Patterns.app"; sourceTree = BUILT_PRODUCTS_DIR; };
		DC69DF022918297D0015BC51 /* AppDelegate.swift */ = {isa = PBXFileReference; lastKnownFileType = sourcecode.swift; path = AppDelegate.swift; sourceTree = "<group>"; };
		DC69DF042918297D0015BC51 /* SceneDelegate.swift */ = {isa = PBXFileReference; lastKnownFileType = sourcecode.swift; path = SceneDelegate.swift; sourceTree = "<group>"; };
		DC69DF0B2918297E0015BC51 /* Assets.xcassets */ = {isa = PBXFileReference; lastKnownFileType = folder.assetcatalog; path = Assets.xcassets; sourceTree = "<group>"; };
		DC69DF0E2918297E0015BC51 /* Base */ = {isa = PBXFileReference; lastKnownFileType = file.storyboard; name = Base; path = Base.lproj/LaunchScreen.storyboard; sourceTree = "<group>"; };
		DC69DF102918297E0015BC51 /* Info.plist */ = {isa = PBXFileReference; lastKnownFileType = text.plist.xml; path = Info.plist; sourceTree = "<group>"; };
		DC69DF1C29182B6E0015BC51 /* ProfilePresenter.swift */ = {isa = PBXFileReference; fileEncoding = 4; lastKnownFileType = sourcecode.swift; path = ProfilePresenter.swift; sourceTree = "<group>"; };
		DC69DF1D29182B6E0015BC51 /* ProfileRouter.swift */ = {isa = PBXFileReference; fileEncoding = 4; lastKnownFileType = sourcecode.swift; path = ProfileRouter.swift; sourceTree = "<group>"; };
		DC69DF1E29182B6E0015BC51 /* ProfileViewController.swift */ = {isa = PBXFileReference; fileEncoding = 4; lastKnownFileType = sourcecode.swift; path = ProfileViewController.swift; sourceTree = "<group>"; };
		DC69DF1F29182B6E0015BC51 /* ProfileInteractor.swift */ = {isa = PBXFileReference; fileEncoding = 4; lastKnownFileType = sourcecode.swift; path = ProfileInteractor.swift; sourceTree = "<group>"; };
		DC69DF2029182B6E0015BC51 /* ProfileContract.swift */ = {isa = PBXFileReference; fileEncoding = 4; lastKnownFileType = sourcecode.swift; path = ProfileContract.swift; sourceTree = "<group>"; };
		DC69DF2229182B6E0015BC51 /* EditProfileViewController.swift */ = {isa = PBXFileReference; fileEncoding = 4; lastKnownFileType = sourcecode.swift; path = EditProfileViewController.swift; sourceTree = "<group>"; };
		DC69DF2329182B6E0015BC51 /* EditProfilePresenter.swift */ = {isa = PBXFileReference; fileEncoding = 4; lastKnownFileType = sourcecode.swift; path = EditProfilePresenter.swift; sourceTree = "<group>"; };
		DC69DF2429182B6E0015BC51 /* EditProfileInteractor.swift */ = {isa = PBXFileReference; fileEncoding = 4; lastKnownFileType = sourcecode.swift; path = EditProfileInteractor.swift; sourceTree = "<group>"; };
		DC69DF2529182B6E0015BC51 /* EditProfileContract.swift */ = {isa = PBXFileReference; fileEncoding = 4; lastKnownFileType = sourcecode.swift; path = EditProfileContract.swift; sourceTree = "<group>"; };
		DC69DF2629182B6E0015BC51 /* EditProfileRouter.swift */ = {isa = PBXFileReference; fileEncoding = 4; lastKnownFileType = sourcecode.swift; path = EditProfileRouter.swift; sourceTree = "<group>"; };
		DC69DF36291830A00015BC51 /* ViewControllerExtension.swift */ = {isa = PBXFileReference; fileEncoding = 4; lastKnownFileType = sourcecode.swift; path = ViewControllerExtension.swift; sourceTree = "<group>"; };
		DC69DF37291830A00015BC51 /* ViewControllerExtensions.swift */ = {isa = PBXFileReference; fileEncoding = 4; lastKnownFileType = sourcecode.swift; path = ViewControllerExtensions.swift; sourceTree = "<group>"; };
		DC69DF38291830A00015BC51 /* LabelExtensions.swift */ = {isa = PBXFileReference; fileEncoding = 4; lastKnownFileType = sourcecode.swift; path = LabelExtensions.swift; sourceTree = "<group>"; };
		DC69DF39291830A00015BC51 /* ColorExtensions.swift */ = {isa = PBXFileReference; fileEncoding = 4; lastKnownFileType = sourcecode.swift; path = ColorExtensions.swift; sourceTree = "<group>"; };
		DC69DF3A291830A00015BC51 /* TextFieldExtensions.swift */ = {isa = PBXFileReference; fileEncoding = 4; lastKnownFileType = sourcecode.swift; path = TextFieldExtensions.swift; sourceTree = "<group>"; };
		DC69DF3B291830A00015BC51 /* InfoLabel.swift */ = {isa = PBXFileReference; fileEncoding = 4; lastKnownFileType = sourcecode.swift; path = InfoLabel.swift; sourceTree = "<group>"; };
		DC6D84DD29194A81002C36A0 /* User.swift */ = {isa = PBXFileReference; lastKnownFileType = sourcecode.swift; path = User.swift; sourceTree = "<group>"; };
		DCB59307293CA1010024FA9E /* Task 12,13. VIPER, PatternsTests.xctest */ = {isa = PBXFileReference; explicitFileType = wrapper.cfbundle; includeInIndex = 0; path = "Task 12,13. VIPER, PatternsTests.xctest"; sourceTree = BUILT_PRODUCTS_DIR; };
		DCB59309293CA1010024FA9E /* Task_12_13__VIPER__PatternsTests.swift */ = {isa = PBXFileReference; lastKnownFileType = sourcecode.swift; path = Task_12_13__VIPER__PatternsTests.swift; sourceTree = "<group>"; };
		DCB59311293CA1690024FA9E /* ProfileLogicTests.swift */ = {isa = PBXFileReference; lastKnownFileType = sourcecode.swift; path = ProfileLogicTests.swift; sourceTree = "<group>"; };
/* End PBXFileReference section */

/* Begin PBXFrameworksBuildPhase section */
		DC69DEFC2918297D0015BC51 /* Frameworks */ = {
			isa = PBXFrameworksBuildPhase;
			buildActionMask = 2147483647;
			files = (
			);
			runOnlyForDeploymentPostprocessing = 0;
		};
		DCB59304293CA1010024FA9E /* Frameworks */ = {
			isa = PBXFrameworksBuildPhase;
			buildActionMask = 2147483647;
			files = (
			);
			runOnlyForDeploymentPostprocessing = 0;
		};
/* End PBXFrameworksBuildPhase section */

/* Begin PBXGroup section */
		DC69DEF62918297D0015BC51 = {
			isa = PBXGroup;
			children = (
				DC69DF012918297D0015BC51 /* Task 12,13. VIPER, Patterns */,
				DCB59308293CA1010024FA9E /* Task 12,13. VIPER, PatternsTests */,
				DC69DF002918297D0015BC51 /* Products */,
			);
			sourceTree = "<group>";
		};
		DC69DF002918297D0015BC51 /* Products */ = {
			isa = PBXGroup;
			children = (
				DC69DEFF2918297D0015BC51 /* Task 12,13. VIPER, Patterns.app */,
				DCB59307293CA1010024FA9E /* Task 12,13. VIPER, PatternsTests.xctest */,
			);
			name = Products;
			sourceTree = "<group>";
		};
		DC69DF012918297D0015BC51 /* Task 12,13. VIPER, Patterns */ = {
			isa = PBXGroup;
			children = (
				DC69DF1929182AA20015BC51 /* Classes */,
				DC69DF1729182A900015BC51 /* Resources */,
				DC69DF1629182A7A0015BC51 /* Supporting Files */,
			);
			path = "Task 12,13. VIPER, Patterns";
			sourceTree = "<group>";
		};
		DC69DF1629182A7A0015BC51 /* Supporting Files */ = {
			isa = PBXGroup;
			children = (
				DC69DF0D2918297E0015BC51 /* LaunchScreen.storyboard */,
				DC69DF102918297E0015BC51 /* Info.plist */,
			);
			path = "Supporting Files";
			sourceTree = "<group>";
		};
		DC69DF1729182A900015BC51 /* Resources */ = {
			isa = PBXGroup;
			children = (
				DC69DF0B2918297E0015BC51 /* Assets.xcassets */,
			);
			path = Resources;
			sourceTree = "<group>";
		};
		DC69DF1829182A990015BC51 /* App */ = {
			isa = PBXGroup;
			children = (
				DC69DF022918297D0015BC51 /* AppDelegate.swift */,
				DC69DF042918297D0015BC51 /* SceneDelegate.swift */,
			);
			path = App;
			sourceTree = "<group>";
		};
		DC69DF1929182AA20015BC51 /* Classes */ = {
			isa = PBXGroup;
			children = (
				DC69DF1829182A990015BC51 /* App */,
				DC69DF1A29182AAC0015BC51 /* Modules */,
				DC69DF34291830A00015BC51 /* Common */,
			);
			path = Classes;
			sourceTree = "<group>";
		};
		DC69DF1A29182AAC0015BC51 /* Modules */ = {
			isa = PBXGroup;
			children = (
				DC69DF1B29182B6E0015BC51 /* Profile */,
				DC69DF2129182B6E0015BC51 /* EditProfile */,
			);
			path = Modules;
			sourceTree = "<group>";
		};
		DC69DF1B29182B6E0015BC51 /* Profile */ = {
			isa = PBXGroup;
			children = (
				DC69DF2029182B6E0015BC51 /* ProfileContract.swift */,
				DC69DF1E29182B6E0015BC51 /* ProfileViewController.swift */,
				DC69DF1C29182B6E0015BC51 /* ProfilePresenter.swift */,
				DC69DF1F29182B6E0015BC51 /* ProfileInteractor.swift */,
				DC69DF1D29182B6E0015BC51 /* ProfileRouter.swift */,
			);
			path = Profile;
			sourceTree = "<group>";
		};
		DC69DF2129182B6E0015BC51 /* EditProfile */ = {
			isa = PBXGroup;
			children = (
				DC69DF2529182B6E0015BC51 /* EditProfileContract.swift */,
				DC69DF2329182B6E0015BC51 /* EditProfilePresenter.swift */,
				DC69DF2229182B6E0015BC51 /* EditProfileViewController.swift */,
				DC69DF2429182B6E0015BC51 /* EditProfileInteractor.swift */,
				DC69DF2629182B6E0015BC51 /* EditProfileRouter.swift */,
			);
			path = EditProfile;
			sourceTree = "<group>";
		};
		DC69DF34291830A00015BC51 /* Common */ = {
			isa = PBXGroup;
			children = (
				DC69DF35291830A00015BC51 /* Extensions */,
				DC69DF3B291830A00015BC51 /* InfoLabel.swift */,
				DC69DF3C291830A00015BC51 /* Entities */,
			);
			path = Common;
			sourceTree = "<group>";
		};
		DC69DF35291830A00015BC51 /* Extensions */ = {
			isa = PBXGroup;
			children = (
				DC69DF36291830A00015BC51 /* ViewControllerExtension.swift */,
				DC69DF37291830A00015BC51 /* ViewControllerExtensions.swift */,
				DC69DF38291830A00015BC51 /* LabelExtensions.swift */,
				DC69DF39291830A00015BC51 /* ColorExtensions.swift */,
				DC69DF3A291830A00015BC51 /* TextFieldExtensions.swift */,
			);
			path = Extensions;
			sourceTree = "<group>";
		};
		DC69DF3C291830A00015BC51 /* Entities */ = {
			isa = PBXGroup;
			children = (
				DC6D84DD29194A81002C36A0 /* User.swift */,
				DC42AD92291A48CB00139A14 /* Storage.swift */,
			);
			path = Entities;
			sourceTree = "<group>";
		};
		DCB59308293CA1010024FA9E /* Task 12,13. VIPER, PatternsTests */ = {
			isa = PBXGroup;
			children = (
				DCB59310293CA1500024FA9E /* ProfileLogicTests */,
				DCB59309293CA1010024FA9E /* Task_12_13__VIPER__PatternsTests.swift */,
			);
			path = "Task 12,13. VIPER, PatternsTests";
			sourceTree = "<group>";
		};
		DCB59310293CA1500024FA9E /* ProfileLogicTests */ = {
			isa = PBXGroup;
			children = (
				DCB59311293CA1690024FA9E /* ProfileLogicTests.swift */,
			);
			path = ProfileLogicTests;
			sourceTree = "<group>";
		};
/* End PBXGroup section */

/* Begin PBXNativeTarget section */
		DC69DEFE2918297D0015BC51 /* Task 12,13. VIPER, Patterns */ = {
			isa = PBXNativeTarget;
			buildConfigurationList = DC69DF132918297E0015BC51 /* Build configuration list for PBXNativeTarget "Task 12,13. VIPER, Patterns" */;
			buildPhases = (
				DC69DEFB2918297D0015BC51 /* Sources */,
				DC69DEFC2918297D0015BC51 /* Frameworks */,
				DC69DEFD2918297D0015BC51 /* Resources */,
			);
			buildRules = (
			);
			dependencies = (
			);
			name = "Task 12,13. VIPER, Patterns";
			productName = "Task 12,13. VIPER, Patterns";
			productReference = DC69DEFF2918297D0015BC51 /* Task 12,13. VIPER, Patterns.app */;
			productType = "com.apple.product-type.application";
		};
		DCB59306293CA1010024FA9E /* Task 12,13. VIPER, PatternsTests */ = {
			isa = PBXNativeTarget;
			buildConfigurationList = DCB5930F293CA1010024FA9E /* Build configuration list for PBXNativeTarget "Task 12,13. VIPER, PatternsTests" */;
			buildPhases = (
				DCB59303293CA1010024FA9E /* Sources */,
				DCB59304293CA1010024FA9E /* Frameworks */,
				DCB59305293CA1010024FA9E /* Resources */,
			);
			buildRules = (
			);
			dependencies = (
				DCB5930C293CA1010024FA9E /* PBXTargetDependency */,
			);
			name = "Task 12,13. VIPER, PatternsTests";
			productName = "Task 12,13. VIPER, PatternsTests";
			productReference = DCB59307293CA1010024FA9E /* Task 12,13. VIPER, PatternsTests.xctest */;
			productType = "com.apple.product-type.bundle.unit-test";
		};
/* End PBXNativeTarget section */

/* Begin PBXProject section */
		DC69DEF72918297D0015BC51 /* Project object */ = {
			isa = PBXProject;
			attributes = {
				BuildIndependentTargetsInParallel = 1;
				LastSwiftUpdateCheck = 1410;
				LastUpgradeCheck = 1410;
				TargetAttributes = {
					DC69DEFE2918297D0015BC51 = {
						CreatedOnToolsVersion = 14.1;
					};
					DCB59306293CA1010024FA9E = {
						CreatedOnToolsVersion = 14.1;
						TestTargetID = DC69DEFE2918297D0015BC51;
					};
				};
			};
			buildConfigurationList = DC69DEFA2918297D0015BC51 /* Build configuration list for PBXProject "Task 12,13. VIPER, Patterns" */;
			compatibilityVersion = "Xcode 14.0";
			developmentRegion = en;
			hasScannedForEncodings = 0;
			knownRegions = (
				en,
				Base,
			);
			mainGroup = DC69DEF62918297D0015BC51;
			productRefGroup = DC69DF002918297D0015BC51 /* Products */;
			projectDirPath = "";
			projectRoot = "";
			targets = (
				DC69DEFE2918297D0015BC51 /* Task 12,13. VIPER, Patterns */,
				DCB59306293CA1010024FA9E /* Task 12,13. VIPER, PatternsTests */,
			);
		};
/* End PBXProject section */

/* Begin PBXResourcesBuildPhase section */
		DC69DEFD2918297D0015BC51 /* Resources */ = {
			isa = PBXResourcesBuildPhase;
			buildActionMask = 2147483647;
			files = (
				DC69DF0F2918297E0015BC51 /* LaunchScreen.storyboard in Resources */,
				DC69DF0C2918297E0015BC51 /* Assets.xcassets in Resources */,
			);
			runOnlyForDeploymentPostprocessing = 0;
		};
		DCB59305293CA1010024FA9E /* Resources */ = {
			isa = PBXResourcesBuildPhase;
			buildActionMask = 2147483647;
			files = (
			);
			runOnlyForDeploymentPostprocessing = 0;
		};
/* End PBXResourcesBuildPhase section */

/* Begin PBXSourcesBuildPhase section */
		DC69DEFB2918297D0015BC51 /* Sources */ = {
			isa = PBXSourcesBuildPhase;
			buildActionMask = 2147483647;
			files = (
				DC69DF45291830A00015BC51 /* InfoLabel.swift in Sources */,
				DC69DF40291830A00015BC51 /* ViewControllerExtension.swift in Sources */,
				DC69DF2929182B6E0015BC51 /* ProfileViewController.swift in Sources */,
				DC69DF032918297D0015BC51 /* AppDelegate.swift in Sources */,
				DC69DF44291830A00015BC51 /* TextFieldExtensions.swift in Sources */,
				DC69DF2729182B6E0015BC51 /* ProfilePresenter.swift in Sources */,
				DC69DF052918297D0015BC51 /* SceneDelegate.swift in Sources */,
				DC69DF2F29182B6E0015BC51 /* EditProfileContract.swift in Sources */,
				DC69DF41291830A00015BC51 /* ViewControllerExtensions.swift in Sources */,
				DC42AD93291A48CB00139A14 /* Storage.swift in Sources */,
				DC69DF2829182B6E0015BC51 /* ProfileRouter.swift in Sources */,
				DC69DF2D29182B6E0015BC51 /* EditProfilePresenter.swift in Sources */,
				DC69DF3029182B6E0015BC51 /* EditProfileRouter.swift in Sources */,
				DC69DF2E29182B6E0015BC51 /* EditProfileInteractor.swift in Sources */,
				DC69DF42291830A00015BC51 /* LabelExtensions.swift in Sources */,
				DC69DF2A29182B6E0015BC51 /* ProfileInteractor.swift in Sources */,
				DC69DF2B29182B6E0015BC51 /* ProfileContract.swift in Sources */,
				DC69DF2C29182B6E0015BC51 /* EditProfileViewController.swift in Sources */,
				DC69DF43291830A00015BC51 /* ColorExtensions.swift in Sources */,
				DC6D84DE29194A81002C36A0 /* User.swift in Sources */,
			);
			runOnlyForDeploymentPostprocessing = 0;
		};
		DCB59303293CA1010024FA9E /* Sources */ = {
			isa = PBXSourcesBuildPhase;
			buildActionMask = 2147483647;
			files = (
				DCB59312293CA1690024FA9E /* ProfileLogicTests.swift in Sources */,
				DCB5930A293CA1010024FA9E /* Task_12_13__VIPER__PatternsTests.swift in Sources */,
			);
			runOnlyForDeploymentPostprocessing = 0;
		};
/* End PBXSourcesBuildPhase section */

/* Begin PBXTargetDependency section */
		DCB5930C293CA1010024FA9E /* PBXTargetDependency */ = {
			isa = PBXTargetDependency;
			target = DC69DEFE2918297D0015BC51 /* Task 12,13. VIPER, Patterns */;
			targetProxy = DCB5930B293CA1010024FA9E /* PBXContainerItemProxy */;
		};
/* End PBXTargetDependency section */

/* Begin PBXVariantGroup section */
		DC69DF0D2918297E0015BC51 /* LaunchScreen.storyboard */ = {
			isa = PBXVariantGroup;
			children = (
				DC69DF0E2918297E0015BC51 /* Base */,
			);
			name = LaunchScreen.storyboard;
			sourceTree = "<group>";
		};
/* End PBXVariantGroup section */

/* Begin XCBuildConfiguration section */
		DC69DF112918297E0015BC51 /* Debug */ = {
			isa = XCBuildConfiguration;
			buildSettings = {
				ALWAYS_SEARCH_USER_PATHS = NO;
				CLANG_ANALYZER_NONNULL = YES;
				CLANG_ANALYZER_NUMBER_OBJECT_CONVERSION = YES_AGGRESSIVE;
				CLANG_CXX_LANGUAGE_STANDARD = "gnu++20";
				CLANG_ENABLE_MODULES = YES;
				CLANG_ENABLE_OBJC_ARC = YES;
				CLANG_ENABLE_OBJC_WEAK = YES;
				CLANG_WARN_BLOCK_CAPTURE_AUTORELEASING = YES;
				CLANG_WARN_BOOL_CONVERSION = YES;
				CLANG_WARN_COMMA = YES;
				CLANG_WARN_CONSTANT_CONVERSION = YES;
				CLANG_WARN_DEPRECATED_OBJC_IMPLEMENTATIONS = YES;
				CLANG_WARN_DIRECT_OBJC_ISA_USAGE = YES_ERROR;
				CLANG_WARN_DOCUMENTATION_COMMENTS = YES;
				CLANG_WARN_EMPTY_BODY = YES;
				CLANG_WARN_ENUM_CONVERSION = YES;
				CLANG_WARN_INFINITE_RECURSION = YES;
				CLANG_WARN_INT_CONVERSION = YES;
				CLANG_WARN_NON_LITERAL_NULL_CONVERSION = YES;
				CLANG_WARN_OBJC_IMPLICIT_RETAIN_SELF = YES;
				CLANG_WARN_OBJC_LITERAL_CONVERSION = YES;
				CLANG_WARN_OBJC_ROOT_CLASS = YES_ERROR;
				CLANG_WARN_QUOTED_INCLUDE_IN_FRAMEWORK_HEADER = YES;
				CLANG_WARN_RANGE_LOOP_ANALYSIS = YES;
				CLANG_WARN_STRICT_PROTOTYPES = YES;
				CLANG_WARN_SUSPICIOUS_MOVE = YES;
				CLANG_WARN_UNGUARDED_AVAILABILITY = YES_AGGRESSIVE;
				CLANG_WARN_UNREACHABLE_CODE = YES;
				CLANG_WARN__DUPLICATE_METHOD_MATCH = YES;
				COPY_PHASE_STRIP = NO;
				DEBUG_INFORMATION_FORMAT = dwarf;
				ENABLE_STRICT_OBJC_MSGSEND = YES;
				ENABLE_TESTABILITY = YES;
				GCC_C_LANGUAGE_STANDARD = gnu11;
				GCC_DYNAMIC_NO_PIC = NO;
				GCC_NO_COMMON_BLOCKS = YES;
				GCC_OPTIMIZATION_LEVEL = 0;
				GCC_PREPROCESSOR_DEFINITIONS = (
					"DEBUG=1",
					"$(inherited)",
				);
				GCC_WARN_64_TO_32_BIT_CONVERSION = YES;
				GCC_WARN_ABOUT_RETURN_TYPE = YES_ERROR;
				GCC_WARN_UNDECLARED_SELECTOR = YES;
				GCC_WARN_UNINITIALIZED_AUTOS = YES_AGGRESSIVE;
				GCC_WARN_UNUSED_FUNCTION = YES;
				GCC_WARN_UNUSED_VARIABLE = YES;
				IPHONEOS_DEPLOYMENT_TARGET = 16.1;
				MTL_ENABLE_DEBUG_INFO = INCLUDE_SOURCE;
				MTL_FAST_MATH = YES;
				ONLY_ACTIVE_ARCH = YES;
				SDKROOT = iphoneos;
				SWIFT_ACTIVE_COMPILATION_CONDITIONS = DEBUG;
				SWIFT_OPTIMIZATION_LEVEL = "-Onone";
			};
			name = Debug;
		};
		DC69DF122918297E0015BC51 /* Release */ = {
			isa = XCBuildConfiguration;
			buildSettings = {
				ALWAYS_SEARCH_USER_PATHS = NO;
				CLANG_ANALYZER_NONNULL = YES;
				CLANG_ANALYZER_NUMBER_OBJECT_CONVERSION = YES_AGGRESSIVE;
				CLANG_CXX_LANGUAGE_STANDARD = "gnu++20";
				CLANG_ENABLE_MODULES = YES;
				CLANG_ENABLE_OBJC_ARC = YES;
				CLANG_ENABLE_OBJC_WEAK = YES;
				CLANG_WARN_BLOCK_CAPTURE_AUTORELEASING = YES;
				CLANG_WARN_BOOL_CONVERSION = YES;
				CLANG_WARN_COMMA = YES;
				CLANG_WARN_CONSTANT_CONVERSION = YES;
				CLANG_WARN_DEPRECATED_OBJC_IMPLEMENTATIONS = YES;
				CLANG_WARN_DIRECT_OBJC_ISA_USAGE = YES_ERROR;
				CLANG_WARN_DOCUMENTATION_COMMENTS = YES;
				CLANG_WARN_EMPTY_BODY = YES;
				CLANG_WARN_ENUM_CONVERSION = YES;
				CLANG_WARN_INFINITE_RECURSION = YES;
				CLANG_WARN_INT_CONVERSION = YES;
				CLANG_WARN_NON_LITERAL_NULL_CONVERSION = YES;
				CLANG_WARN_OBJC_IMPLICIT_RETAIN_SELF = YES;
				CLANG_WARN_OBJC_LITERAL_CONVERSION = YES;
				CLANG_WARN_OBJC_ROOT_CLASS = YES_ERROR;
				CLANG_WARN_QUOTED_INCLUDE_IN_FRAMEWORK_HEADER = YES;
				CLANG_WARN_RANGE_LOOP_ANALYSIS = YES;
				CLANG_WARN_STRICT_PROTOTYPES = YES;
				CLANG_WARN_SUSPICIOUS_MOVE = YES;
				CLANG_WARN_UNGUARDED_AVAILABILITY = YES_AGGRESSIVE;
				CLANG_WARN_UNREACHABLE_CODE = YES;
				CLANG_WARN__DUPLICATE_METHOD_MATCH = YES;
				COPY_PHASE_STRIP = NO;
				DEBUG_INFORMATION_FORMAT = "dwarf-with-dsym";
				ENABLE_NS_ASSERTIONS = NO;
				ENABLE_STRICT_OBJC_MSGSEND = YES;
				GCC_C_LANGUAGE_STANDARD = gnu11;
				GCC_NO_COMMON_BLOCKS = YES;
				GCC_WARN_64_TO_32_BIT_CONVERSION = YES;
				GCC_WARN_ABOUT_RETURN_TYPE = YES_ERROR;
				GCC_WARN_UNDECLARED_SELECTOR = YES;
				GCC_WARN_UNINITIALIZED_AUTOS = YES_AGGRESSIVE;
				GCC_WARN_UNUSED_FUNCTION = YES;
				GCC_WARN_UNUSED_VARIABLE = YES;
				IPHONEOS_DEPLOYMENT_TARGET = 16.1;
				MTL_ENABLE_DEBUG_INFO = NO;
				MTL_FAST_MATH = YES;
				SDKROOT = iphoneos;
				SWIFT_COMPILATION_MODE = wholemodule;
				SWIFT_OPTIMIZATION_LEVEL = "-O";
				VALIDATE_PRODUCT = YES;
			};
			name = Release;
		};
		DC69DF142918297E0015BC51 /* Debug */ = {
			isa = XCBuildConfiguration;
			buildSettings = {
				ASSETCATALOG_COMPILER_APPICON_NAME = AppIcon;
				ASSETCATALOG_COMPILER_GLOBAL_ACCENT_COLOR_NAME = AccentColor;
				CODE_SIGN_STYLE = Automatic;
				CURRENT_PROJECT_VERSION = 1;
				DEVELOPMENT_TEAM = H2WTHY4GCS;
				GENERATE_INFOPLIST_FILE = YES;
				INFOPLIST_FILE = "Task 12,13. VIPER, Patterns/Supporting Files/Info.plist";
				INFOPLIST_KEY_UIApplicationSupportsIndirectInputEvents = YES;
				INFOPLIST_KEY_UILaunchStoryboardName = LaunchScreen;
				INFOPLIST_KEY_UISupportedInterfaceOrientations_iPad = "UIInterfaceOrientationPortrait UIInterfaceOrientationPortraitUpsideDown UIInterfaceOrientationLandscapeLeft UIInterfaceOrientationLandscapeRight";
				INFOPLIST_KEY_UISupportedInterfaceOrientations_iPhone = "UIInterfaceOrientationPortrait UIInterfaceOrientationLandscapeLeft UIInterfaceOrientationLandscapeRight";
				LD_RUNPATH_SEARCH_PATHS = (
					"$(inherited)",
					"@executable_path/Frameworks",
				);
				MARKETING_VERSION = 1.0;
				PRODUCT_BUNDLE_IDENTIFIER = "arseniyms.Task-12-13--VIPER--Patterns";
				PRODUCT_NAME = "$(TARGET_NAME)";
				SWIFT_EMIT_LOC_STRINGS = YES;
				SWIFT_VERSION = 5.0;
				TARGETED_DEVICE_FAMILY = "1,2";
			};
			name = Debug;
		};
		DC69DF152918297E0015BC51 /* Release */ = {
			isa = XCBuildConfiguration;
			buildSettings = {
				ASSETCATALOG_COMPILER_APPICON_NAME = AppIcon;
				ASSETCATALOG_COMPILER_GLOBAL_ACCENT_COLOR_NAME = AccentColor;
				CODE_SIGN_STYLE = Automatic;
				CURRENT_PROJECT_VERSION = 1;
				DEVELOPMENT_TEAM = H2WTHY4GCS;
				GENERATE_INFOPLIST_FILE = YES;
				INFOPLIST_FILE = "Task 12,13. VIPER, Patterns/Supporting Files/Info.plist";
				INFOPLIST_KEY_UIApplicationSupportsIndirectInputEvents = YES;
				INFOPLIST_KEY_UILaunchStoryboardName = LaunchScreen;
				INFOPLIST_KEY_UISupportedInterfaceOrientations_iPad = "UIInterfaceOrientationPortrait UIInterfaceOrientationPortraitUpsideDown UIInterfaceOrientationLandscapeLeft UIInterfaceOrientationLandscapeRight";
				INFOPLIST_KEY_UISupportedInterfaceOrientations_iPhone = "UIInterfaceOrientationPortrait UIInterfaceOrientationLandscapeLeft UIInterfaceOrientationLandscapeRight";
				LD_RUNPATH_SEARCH_PATHS = (
					"$(inherited)",
					"@executable_path/Frameworks",
				);
				MARKETING_VERSION = 1.0;
				PRODUCT_BUNDLE_IDENTIFIER = "arseniyms.Task-12-13--VIPER--Patterns";
				PRODUCT_NAME = "$(TARGET_NAME)";
				SWIFT_EMIT_LOC_STRINGS = YES;
				SWIFT_VERSION = 5.0;
				TARGETED_DEVICE_FAMILY = "1,2";
			};
			name = Release;
		};
		DCB5930D293CA1010024FA9E /* Debug */ = {
			isa = XCBuildConfiguration;
			buildSettings = {
				BUNDLE_LOADER = "$(TEST_HOST)";
				CODE_SIGN_STYLE = Automatic;
				CURRENT_PROJECT_VERSION = 1;
				DEVELOPMENT_TEAM = H2WTHY4GCS;
				GENERATE_INFOPLIST_FILE = YES;
				MARKETING_VERSION = 1.0;
				PRODUCT_BUNDLE_IDENTIFIER = "arseniyms.Task-12-13--VIPER--PatternsTests";
				PRODUCT_NAME = "$(TARGET_NAME)";
				SWIFT_EMIT_LOC_STRINGS = NO;
				SWIFT_VERSION = 5.0;
				TARGETED_DEVICE_FAMILY = "1,2";
				TEST_HOST = "$(BUILT_PRODUCTS_DIR)/Task 12,13. VIPER, Patterns.app/$(BUNDLE_EXECUTABLE_FOLDER_PATH)/Task 12,13. VIPER, Patterns";
			};
			name = Debug;
		};
		DCB5930E293CA1010024FA9E /* Release */ = {
			isa = XCBuildConfiguration;
			buildSettings = {
				BUNDLE_LOADER = "$(TEST_HOST)";
				CODE_SIGN_STYLE = Automatic;
				CURRENT_PROJECT_VERSION = 1;
				DEVELOPMENT_TEAM = H2WTHY4GCS;
				GENERATE_INFOPLIST_FILE = YES;
				MARKETING_VERSION = 1.0;
				PRODUCT_BUNDLE_IDENTIFIER = "arseniyms.Task-12-13--VIPER--PatternsTests";
				PRODUCT_NAME = "$(TARGET_NAME)";
				SWIFT_EMIT_LOC_STRINGS = NO;
				SWIFT_VERSION = 5.0;
				TARGETED_DEVICE_FAMILY = "1,2";
				TEST_HOST = "$(BUILT_PRODUCTS_DIR)/Task 12,13. VIPER, Patterns.app/$(BUNDLE_EXECUTABLE_FOLDER_PATH)/Task 12,13. VIPER, Patterns";
			};
			name = Release;
		};
/* End XCBuildConfiguration section */

/* Begin XCConfigurationList section */
		DC69DEFA2918297D0015BC51 /* Build configuration list for PBXProject "Task 12,13. VIPER, Patterns" */ = {
			isa = XCConfigurationList;
			buildConfigurations = (
				DC69DF112918297E0015BC51 /* Debug */,
				DC69DF122918297E0015BC51 /* Release */,
			);
			defaultConfigurationIsVisible = 0;
			defaultConfigurationName = Release;
		};
		DC69DF132918297E0015BC51 /* Build configuration list for PBXNativeTarget "Task 12,13. VIPER, Patterns" */ = {
			isa = XCConfigurationList;
			buildConfigurations = (
				DC69DF142918297E0015BC51 /* Debug */,
				DC69DF152918297E0015BC51 /* Release */,
			);
			defaultConfigurationIsVisible = 0;
			defaultConfigurationName = Release;
		};
		DCB5930F293CA1010024FA9E /* Build configuration list for PBXNativeTarget "Task 12,13. VIPER, PatternsTests" */ = {
			isa = XCConfigurationList;
			buildConfigurations = (
				DCB5930D293CA1010024FA9E /* Debug */,
				DCB5930E293CA1010024FA9E /* Release */,
			);
			defaultConfigurationIsVisible = 0;
			defaultConfigurationName = Release;
		};
/* End XCConfigurationList section */
	};
	rootObject = DC69DEF72918297D0015BC51 /* Project object */;
}
